{
  "nodes": {
    "darwin": {
      "inputs": {
        "nixpkgs": [
          "nixpkgs"
        ]
      },
      "locked": {
        "lastModified": 1710717205,
        "narHash": "sha256-Wf3gHh5uV6W1TV/A8X8QJf99a5ypDSugY4sNtdJDe0A=",
        "owner": "LnL7",
        "repo": "nix-darwin",
        "rev": "bcc8afd06e237df060c85bad6af7128e05fd61a3",
        "type": "github"
      },
      "original": {
        "owner": "LnL7",
        "repo": "nix-darwin",
        "rev": "bcc8afd06e237df060c85bad6af7128e05fd61a3",
        "type": "github"
      }
    },
    "home-manager": {
      "inputs": {
        "nixpkgs": [
          "nixpkgs"
        ]
      },
      "locked": {
        "lastModified": 1718530513,
        "narHash": "sha256-BmO8d0r+BVlwWtMLQEYnwmngqdXIuyFzMwvmTcLMee8=",
        "owner": "nix-community",
        "repo": "home-manager",
        "rev": "a1fddf0967c33754271761d91a3d921772b30d0e",
        "type": "github"
      },
      "original": {
        "owner": "nix-community",
        "ref": "release-24.05",
        "repo": "home-manager",
        "type": "github"
      }
    },
    "nixpkgs": {
      "locked": {
        "lastModified": 1718529426,
        "narHash": "sha256-cPj5XeZm0rS0elg6HcLPNKXonAydlejJt20LIHZt6kk=",
        "owner": "NixOS",
        "repo": "nixpkgs",
        "rev": "fed2354854f6da852a12e8e59e4414de794771f9",
        "type": "github"
      },
      "original": {
        "owner": "NixOS",
        "ref": "nixpkgs-24.05-darwin",
        "repo": "nixpkgs",
        "type": "github"
      }
    },
    "nixpkgs-unstable": {
      "locked": {
        "lastModified": 1734126203,
        "narHash": "sha256-0XovF7BYP50rTD2v4r55tR5MuBLet7q4xIz6Rgh3BBU=",
        "owner": "NixOS",
        "repo": "nixpkgs",
        "rev": "71a6392e367b08525ee710a93af2e80083b5b3e2",
        "type": "github"
      },
      "original": {
        "owner": "NixOS",
        "ref": "nixpkgs-unstable",
        "repo": "nixpkgs",
        "type": "github"
      }
    },
    "root": {
      "inputs": {
        "darwin": "darwin",
        "home-manager": "home-manager",
        "nixpkgs": "nixpkgs",
        "nixpkgs-unstable": "nixpkgs-unstable"
      }
    }
  },
  "root": "root",
  "version": 7
}
