{
  "nodes": {
    "darwin": {
      "inputs": {
        "nixpkgs": [
          "nixpkgs"
        ]
      },
      "locked": {
        "lastModified": 1765066094,
        "narHash": "sha256-0YSU35gfRFJzx/lTGgOt6ubP8K6LeW0vaywzNNqxkl4=",
        "owner": "nix-darwin",
        "repo": "nix-darwin",
        "rev": "688427b1aab9afb478ca07989dc754fa543e03d5",
        "type": "github"
      },
      "original": {
        "owner": "nix-darwin",
        "ref": "nix-darwin-25.11",
        "repo": "nix-darwin",
        "type": "github"
      }
    },
    "home-manager": {
      "inputs": {
        "nixpkgs": [
          "nixpkgs"
        ]
      },
      "locked": {
        "lastModified": 1764866045,
        "narHash": "sha256-0GsEtXV9OquDQ1VclQfP16cU5VZh7NEVIOjSH4UaJuM=",
        "owner": "nix-community",
        "repo": "home-manager",
        "rev": "f63d0fe9d81d36e5fc95497217a72e02b8b7bcab",
        "type": "github"
      },
      "original": {
        "owner": "nix-community",
        "ref": "release-25.11",
        "repo": "home-manager",
        "type": "github"
      }
    },
    "nixpkgs": {
      "locked": {
        "lastModified": 1764952718,
        "narHash": "sha256-Gf75RCbeYcfXGNb9hHQ7DsVNsxU+TNWivose3JT53QY=",
        "owner": "NixOS",
        "repo": "nixpkgs",
        "rev": "d355f89e0014e51c9511298089d7ab55fd6f7056",
        "type": "github"
      },
      "original": {
        "owner": "NixOS",
        "ref": "nixpkgs-25.11-darwin",
        "repo": "nixpkgs",
        "type": "github"
      }
    },
    "nixpkgs-unstable": {
      "locked": {
        "lastModified": 1734126203,
        "narHash": "sha256-0XovF7BYP50rTD2v4r55tR5MuBLet7q4xIz6Rgh3BBU=",
        "owner": "NixOS",
        "repo": "nixpkgs",
        "rev": "71a6392e367b08525ee710a93af2e80083b5b3e2",
        "type": "github"
      },
      "original": {
        "owner": "NixOS",
        "ref": "nixpkgs-unstable",
        "repo": "nixpkgs",
        "type": "github"
      }
    },
    "root": {
      "inputs": {
        "darwin": "darwin",
        "home-manager": "home-manager",
        "nixpkgs": "nixpkgs",
        "nixpkgs-unstable": "nixpkgs-unstable"
      }
    }
  },
  "root": "root",
  "version": 7
}
